<?xml version="1.0" encoding="utf-8"?>
<Project ToolsVersion="4.0" xmlns="http://schemas.microsoft.com/developer/msbuild/2003">
  <ItemGroup>
    <Filter Include="Source Files">
      <UniqueIdentifier>{d4a9e2bc-5eb0-4202-ac71-23c151a4567a}</UniqueIdentifier>
      <Extensions>cpp;c;cxx;rc;def;r;odl;idl;hpj;bat</Extensions>
    </Filter>
    <Filter Include="Header Files">
      <UniqueIdentifier>{97efef8a-d5f3-47ab-b9b7-e53cceade7dd}</UniqueIdentifier>
      <Extensions>h;hpp;hxx;hm;inl</Extensions>
    </Filter>
    <Filter Include="Resource Files">
      <UniqueIdentifier>{1698293d-f5aa-4d26-a45b-9c0bedb913e0}</UniqueIdentifier>
      <Extensions>ico;cur;bmp;dlg;rc2;rct;bin;rgs;gif;jpg;jpeg;jpe</Extensions>
    </Filter>
    <Filter Include="MatLabLib">
      <UniqueIdentifier>{26865257-0f19-4252-962f-a6b7e60af715}</UniqueIdentifier>
      <Extensions>lib</Extensions>
    </Filter>
  </ItemGroup>
  <ItemGroup>
    <ClCompile Include="ARS.cpp">
      <Filter>Source Files</Filter>
    </ClCompile>
    <ClCompile Include="ARSDoc.cpp">
      <Filter>Source Files</Filter>
    </ClCompile>
    <ClCompile Include="ARSDocument.cpp">
      <Filter>Source Files</Filter>
    </ClCompile>
    <ClCompile Include="ARSView.cpp">
      <Filter>Source Files</Filter>
    </ClCompile>
    <ClCompile Include="CommonWord.cpp">
      <Filter>Source Files</Filter>
    </ClCompile>
    <ClCompile Include="DBManpulation.cpp">
      <Filter>Source Files</Filter>
    </ClCompile>
    <ClCompile Include="FilePrepare.cpp">
      <Filter>Source Files</Filter>
    </ClCompile>
    <ClCompile Include="Indexer.cpp">
      <Filter>Source Files</Filter>
    </ClCompile>
    <ClCompile Include="IndexTermsInDoc.cpp">
      <Filter>Source Files</Filter>
    </ClCompile>
    <ClCompile Include="IR.cpp">
      <Filter>Source Files</Filter>
    </ClCompile>
    <ClCompile Include="KeyWord.cpp">
      <Filter>Source Files</Filter>
    </ClCompile>
    <ClCompile Include="LSI.cpp">
      <Filter>Source Files</Filter>
    </ClCompile>
    <ClCompile Include="MainFrm.cpp">
      <Filter>Source Files</Filter>
    </ClCompile>
    <ClCompile Include="PrintResultsDlg.cpp">
      <Filter>Source Files</Filter>
    </ClCompile>
    <ClCompile Include="Query.cpp">
      <Filter>Source Files</Filter>
    </ClCompile>
    <ClCompile Include="SearchEngine.cpp">
      <Filter>Source Files</Filter>
    </ClCompile>
    <ClCompile Include="StdAfx.cpp">
      <Filter>Source Files</Filter>
    </ClCompile>
    <ClCompile Include="SVD.cpp">
      <Filter>Source Files</Filter>
    </ClCompile>
    <ClCompile Include="SVDDel.cpp">
      <Filter>Source Files</Filter>
    </ClCompile>
    <ClCompile Include="SVDupdate.cpp">
      <Filter>Source Files</Filter>
    </ClCompile>
  </ItemGroup>
  <ItemGroup>
    <ResourceCompile Include="ARS.rc">
      <Filter>Source Files</Filter>
    </ResourceCompile>
  </ItemGroup>
  <ItemGroup>
    <ClInclude Include="ARS.h">
      <Filter>Header Files</Filter>
    </ClInclude>
    <ClInclude Include="ARSDoc.h">
      <Filter>Header Files</Filter>
    </ClInclude>
    <ClInclude Include="ARSDocument.h">
      <Filter>Header Files</Filter>
    </ClInclude>
    <ClInclude Include="ARSView.h">
      <Filter>Header Files</Filter>
    </ClInclude>
    <ClInclude Include="CommonWord.h">
      <Filter>Header Files</Filter>
    </ClInclude>
    <ClInclude Include="DBManpulation.h">
      <Filter>Header Files</Filter>
    </ClInclude>
    <ClInclude Include="FilePrepare.h">
      <Filter>Header Files</Filter>
    </ClInclude>
    <ClInclude Include="..\..\Internet\C++\folder browser\program\GetFolder\GetFolderDlg.h">
      <Filter>Header Files</Filter>
    </ClInclude>
    <ClInclude Include="Indexer.h">
      <Filter>Header Files</Filter>
    </ClInclude>
    <ClInclude Include="IndexTermsInDoc.h">
      <Filter>Header Files</Filter>
    </ClInclude>
    <ClInclude Include="IR.h">
      <Filter>Header Files</Filter>
    </ClInclude>
    <ClInclude Include="KeyWord.h">
      <Filter>Header Files</Filter>
    </ClInclude>
    <ClInclude Include="LSI.h">
      <Filter>Header Files</Filter>
    </ClInclude>
    <ClInclude Include="MainFrm.h">
      <Filter>Header Files</Filter>
    </ClInclude>
    <ClInclude Include="..\..\matlabR12\extern\include\cpp\mathwork.h">
      <Filter>Header Files</Filter>
    </ClInclude>
    <ClInclude Include="PrintResultsDlg.h">
      <Filter>Header Files</Filter>
    </ClInclude>
    <ClInclude Include="Query.h">
      <Filter>Header Files</Filter>
    </ClInclude>
    <ClInclude Include="Resource.h">
      <Filter>Header Files</Filter>
    </ClInclude>
    <ClInclude Include="SearchEngine.h">
      <Filter>Header Files</Filter>
    </ClInclude>
    <ClInclude Include="StdAfx.h">
      <Filter>Header Files</Filter>
    </ClInclude>
    <ClInclude Include="SVD.h">
      <Filter>Header Files</Filter>
    </ClInclude>
    <ClInclude Include="SVDDel.h">
      <Filter>Header Files</Filter>
    </ClInclude>
    <ClInclude Include="SVDupdate.h">
      <Filter>Header Files</Filter>
    </ClInclude>
  </ItemGroup>
  <ItemGroup>
    <Image Include="res\ARS.ico">
      <Filter>Resource Files</Filter>
    </Image>
    <Image Include="res\ARSDoc.ico">
      <Filter>Resource Files</Filter>
    </Image>
    <Image Include="res\GetFolder.ico">
      <Filter>Resource Files</Filter>
    </Image>
    <Image Include="..\..\Internet\C++\folder browser\program\GetFolder\res\GetFolder.ico">
      <Filter>Resource Files</Filter>
    </Image>
  </ItemGroup>
  <ItemGroup>
    <Library Include="..\..\matlabR12\extern\lib\win32\libmatpm.lib">
      <Filter>MatLabLib</Filter>
    </Library>
    <Library Include="..\..\matlabR12\extern\lib\win32\microsoft\msvc60\libmmfile.lib">
      <Filter>MatLabLib</Filter>
    </Library>
    <Library Include="..\..\matlabR12\extern\lib\win32\microsoft\msvc60\libmatlb.lib">
      <Filter>MatLabLib</Filter>
    </Library>
    <Library Include="..\..\matlabR12\extern\lib\win32\microsoft\msvc60\libmat.lib">
      <Filter>MatLabLib</Filter>
    </Library>
    <Library Include="..\..\matlabR12\extern\lib\win32\microsoft\msvc60\libmx.lib">
      <Filter>MatLabLib</Filter>
    </Library>
  </ItemGroup>
  <ItemGroup>
    <Text Include="ReadMe.txt" />
  </ItemGroup>
  <ItemGroup>
    <CustomBuild Include="res\ARS.rc2">
      <Filter>Resource Files</Filter>
    </CustomBuild>
    <CustomBuild Include="ARS.reg" />
  </ItemGroup>
</Project>